
Microsoft Visual Studio Solution File, Format Version 12.00
# Visual Studio 2013
VisualStudioVersion = 12.0.40629.0
MinimumVisualStudioVersion = 10.0.40219.1
Project("{8BC9CEB8-8B4A-11D0-8D11-00A0C91BC942}") = "challenge_1_1", "challenge_1_1\challenge_1_1.vcxproj", "{B3F61139-DBFB-456C-86DF-61409F7746C7}"
EndProject
Project("{8BC9CEB8-8B4A-11D0-8D11-00A0C91BC942}") = "challenge_1_2", "challenge_1_2\challenge_1_2.vcxproj", "{4EDA0E00-2B1F-4B58-A7F8-2A984AA42708}"
EndProject
Project("{8BC9CEB8-8B4A-11D0-8D11-00A0C91BC942}") = "challenge_1_3", "challenge_1_3\challenge_1_3.vcxproj", "{FFC0D995-084C-4D8C-9F60-A2A85477B7CE}"
EndProject
Project("{8BC9CEB8-8B4A-11D0-8D11-00A0C91BC942}") = "challenge_1_4", "challenge_1_4\challenge_1_4.vcxproj", "{773B0036-AFFF-4281-ABBD-7C04174F705F}"
EndProject
Project("{8BC9CEB8-8B4A-11D0-8D11-00A0C91BC942}") = "challenge_1_5", "challenge_1_5\challenge_1_5.vcxproj", "{FB688200-11E9-4E5D-BCE4-76B2AECA593C}"
EndProject
Project("{8BC9CEB8-8B4A-11D0-8D11-00A0C91BC942}") = "challenge_1_6", "challenge_1_6\challenge_1_6.vcxproj", "{BA470112-06A6-4359-A0F8-6C2A5926DEBD}"
EndProject
Global
	GlobalSection(SolutionConfigurationPlatforms) = preSolution
		Debug|Win32 = Debug|Win32
		Release|Win32 = Release|Win32
	EndGlobalSection
	GlobalSection(ProjectConfigurationPlatforms) = postSolution
		{B3F61139-DBFB-456C-86DF-61409F7746C7}.Debug|Win32.ActiveCfg = Debug|Win32
		{B3F61139-DBFB-456C-86DF-61409F7746C7}.Debug|Win32.Build.0 = Debug|Win32
		{B3F61139-DBFB-456C-86DF-61409F7746C7}.Release|Win32.ActiveCfg = Release|Win32
		{B3F61139-DBFB-456C-86DF-61409F7746C7}.Release|Win32.Build.0 = Release|Win32
		{4EDA0E00-2B1F-4B58-A7F8-2A984AA42708}.Debug|Win32.ActiveCfg = Debug|Win32
		{4EDA0E00-2B1F-4B58-A7F8-2A984AA42708}.Debug|Win32.Build.0 = Debug|Win32
		{4EDA0E00-2B1F-4B58-A7F8-2A984AA42708}.Release|Win32.ActiveCfg = Release|Win32
		{4EDA0E00-2B1F-4B58-A7F8-2A984AA42708}.Release|Win32.Build.0 = Release|Win32
		{FFC0D995-084C-4D8C-9F60-A2A85477B7CE}.Debug|Win32.ActiveCfg = Debug|Win32
		{FFC0D995-084C-4D8C-9F60-A2A85477B7CE}.Debug|Win32.Build.0 = Debug|Win32
		{FFC0D995-084C-4D8C-9F60-A2A85477B7CE}.Release|Win32.ActiveCfg = Release|Win32
		{FFC0D995-084C-4D8C-9F60-A2A85477B7CE}.Release|Win32.Build.0 = Release|Win32
		{773B0036-AFFF-4281-ABBD-7C04174F705F}.Debug|Win32.ActiveCfg = Debug|Win32
		{773B0036-AFFF-4281-ABBD-7C04174F705F}.Debug|Win32.Build.0 = Debug|Win32
		{773B0036-AFFF-4281-ABBD-7C04174F705F}.Release|Win32.ActiveCfg = Release|Win32
		{773B0036-AFFF-4281-ABBD-7C04174F705F}.Release|Win32.Build.0 = Release|Win32
		{FB688200-11E9-4E5D-BCE4-76B2AECA593C}.Debug|Win32.ActiveCfg = Debug|Win32
		{FB688200-11E9-4E5D-BCE4-76B2AECA593C}.Debug|Win32.Build.0 = Debug|Win32
		{FB688200-11E9-4E5D-BCE4-76B2AECA593C}.Release|Win32.ActiveCfg = Release|Win32
		{FB688200-11E9-4E5D-BCE4-76B2AECA593C}.Release|Win32.Build.0 = Release|Win32
		{BA470112-06A6-4359-A0F8-6C2A5926DEBD}.Debug|Win32.ActiveCfg = Debug|Win32
		{BA470112-06A6-4359-A0F8-6C2A5926DEBD}.Debug|Win32.Build.0 = Debug|Win32
		{BA470112-06A6-4359-A0F8-6C2A5926DEBD}.Release|Win32.ActiveCfg = Release|Win32
		{BA470112-06A6-4359-A0F8-6C2A5926DEBD}.Release|Win32.Build.0 = Release|Win32
	EndGlobalSection
	GlobalSection(SolutionProperties) = preSolution
		HideSolutionNode = FALSE
	EndGlobalSection
EndGlobal
